# This file is automatically @generated by Crow.
# It is not intended for manual editing.

version = 1

[[package]]
name = "nbl"
version = "0.1.0"
dependencies = ["luau 0.0.0 (git+https://github.com/luau-lang/luau.git#421cc8158a752c8933a3d73555fd79df631a90b6)"]

[[package]]
name = "luau"
version = "0.0.0"
source = "git+https://github.com/luau-lang/luau.git#421cc8158a752c8933a3d73555fd79df631a90b6"
