# This file is automatically @generated by Crow.
# It is not intended for manual editing.

version = 1

[[package]]
name = "nbl-lsp"
version = "0.1.0"
dependencies = ["cli11 0.0.0 (registry+https://github.com/user-with-username/crow-registry#cli11@37bb6edc)", "lsp-framework 0.0.0 (git+https://github.com/leon-bckl/lsp-framework#db64fac3eea5b36888b801cc0c8b081a377f1914)", "nbl-core 0.1.0", "nbl-types 0.1.0"]

[[package]]
name = "cli11"
version = "0.0.0"
source = "registry+https://github.com/user-with-username/crow-registry#cli11@37bb6edc"
checksum = "37bb6edc5317e99af72ef48405e65d9ca5218861"

[[package]]
name = "lsp-framework"
version = "0.0.0"
source = "git+https://github.com/leon-bckl/lsp-framework#db64fac3eea5b36888b801cc0c8b081a377f1914"

[[package]]
name = "luau"
version = "0.0.0"
source = "git+https://github.com/luau-lang/luau.git#74f768309c380d40601b28c4c4cdda27da415cef"

[[package]]
name = "nbl-core"
version = "0.1.0"
dependencies = ["luau 0.0.0 (git+https://github.com/luau-lang/luau.git#74f768309c380d40601b28c4c4cdda27da415cef)"]

[[package]]
name = "nbl-types"
version = "0.1.0"
dependencies = ["nbl-core 0.1.0"]
