# This file is automatically @generated by Crow.
# It is not intended for manual editing.

version = 1

[[package]]
name = "nbl"
version = "0.1.0"
dependencies = ["cli11 0.0.0 (registry+https://github.com/user-with-username/crow-registry#cli11@37bb6edc)", "cpp_httplib 0.0.0 (registry+https://github.com/user-with-username/crow-registry#cpp_httplib@5c00bbf3)", "nbl-core 0.1.0", "nbl-types 0.1.0", "nlohmann_json 0.0.0 (registry+https://github.com/user-with-username/crow-registry#nlohmann_json@55f93686)", "openssl"]

[[package]]
name = "cli11"
version = "0.0.0"
source = "registry+https://github.com/user-with-username/crow-registry#cli11@37bb6edc"
checksum = "37bb6edc5317e99af72ef48405e65d9ca5218861"

[[package]]
name = "cpp_httplib"
version = "0.0.0"
source = "registry+https://github.com/user-with-username/crow-registry#cpp_httplib@5c00bbf3"
checksum = "5c00bbf36ba8ff47b4fb97712fc38cb2884e5b98"

[[package]]
name = "luau"
version = "0.0.0"
source = "git+https://github.com/luau-lang/luau.git#421cc8158a752c8933a3d73555fd79df631a90b6"

[[package]]
name = "nbl-core"
version = "0.1.0"
dependencies = ["luau 0.0.0 (git+https://github.com/luau-lang/luau.git#421cc8158a752c8933a3d73555fd79df631a90b6)"]

[[package]]
name = "nbl-types"
version = "0.1.0"
dependencies = ["nbl-core 0.1.0"]

[[package]]
name = "nlohmann_json"
version = "0.0.0"
source = "registry+https://github.com/user-with-username/crow-registry#nlohmann_json@55f93686"
checksum = "55f93686c01528224f448c19128836e7df245f72"
